
Microsoft Visual Studio Solution File, Format Version 12.00
# Visual Studio Version 16
VisualStudioVersion = 16.0.30717.126
MinimumVisualStudioVersion = 10.0.40219.1
Project("{FAE04EC0-301F-11D3-BF4B-00C04F79EFBC}") = "Test.Sotkom", "Test.Sotkom\Test.Sotkom.csproj", "{62AF1872-9CA1-48D6-B18C-3D31F804D98C}"
EndProject
Global
	GlobalSection(SolutionConfigurationPlatforms) = preSolution
		Debug|Any CPU = Debug|Any CPU
		Release|Any CPU = Release|Any CPU
	EndGlobalSection
	GlobalSection(ProjectConfigurationPlatforms) = postSolution
		{62AF1872-9CA1-48D6-B18C-3D31F804D98C}.Debug|Any CPU.ActiveCfg = Debug|Any CPU
		{62AF1872-9CA1-48D6-B18C-3D31F804D98C}.Debug|Any CPU.Build.0 = Debug|Any CPU
		{62AF1872-9CA1-48D6-B18C-3D31F804D98C}.Release|Any CPU.ActiveCfg = Release|Any CPU
		{62AF1872-9CA1-48D6-B18C-3D31F804D98C}.Release|Any CPU.Build.0 = Release|Any CPU
	EndGlobalSection
	GlobalSection(SolutionProperties) = preSolution
		HideSolutionNode = FALSE
	EndGlobalSection
	GlobalSection(ExtensibilityGlobals) = postSolution
		SolutionGuid = {02F4F1E2-236D-4FCD-9E1E-98ACA0AAC7F4}
	EndGlobalSection
EndGlobal
